# This file is automatically @generated by Cargo.
# It is not intended for manual editing.
version = 4

[[package]]
name = "borrow_demo"
version = "0.1.0"

[[package]]
name = "borrow_lifecycle"
version = "0.1.0"

[[package]]
name = "lesson3-struct-enum-option-result"
version = "0.1.0"

[[package]]
name = "lesson4-pattern_match"
version = "0.1.0"
